
Microsoft Visual Studio Solution File, Format Version 12.00
# Visual Studio Version 17
VisualStudioVersion = 17.10.35013.160
MinimumVisualStudioVersion = 10.0.40219.1
Project("{FAE04EC0-301F-11D3-BF4B-00C04F79EFBC}") = "Findthe Median", "Findthe Median.csproj", "{B25EDFF5-A619-425F-B240-8985A4780127}"
EndProject
Global
	GlobalSection(SolutionConfigurationPlatforms) = preSolution
		Debug|Any CPU = Debug|Any CPU
		Release|Any CPU = Release|Any CPU
	EndGlobalSection
	GlobalSection(ProjectConfigurationPlatforms) = postSolution
		{B25EDFF5-A619-425F-B240-8985A4780127}.Debug|Any CPU.ActiveCfg = Debug|Any CPU
		{B25EDFF5-A619-425F-B240-8985A4780127}.Debug|Any CPU.Build.0 = Debug|Any CPU
		{B25EDFF5-A619-425F-B240-8985A4780127}.Release|Any CPU.ActiveCfg = Release|Any CPU
		{B25EDFF5-A619-425F-B240-8985A4780127}.Release|Any CPU.Build.0 = Release|Any CPU
	EndGlobalSection
	GlobalSection(SolutionProperties) = preSolution
		HideSolutionNode = FALSE
	EndGlobalSection
	GlobalSection(ExtensibilityGlobals) = postSolution
		SolutionGuid = {E56D1068-2214-45C5-AC1C-84A1F9CE4C9F}
	EndGlobalSection
EndGlobal
